// !$*UTF8*$!
{
	archiveVersion = 1;
	classes = {
	};
	objectVersion = 46;
	objects = {

/* Begin PBXBuildFile section */
		BF13B9751E03EFC00042E24C /* MessageUI.framework in Frameworks */ = {isa = PBXBuildFile; fileRef = BF13B9741E03EFC00042E24C /* MessageUI.framework */; };
		BF2071281DC9F27000294FDF /* Alumni.swift in Sources */ = {isa = PBXBuildFile; fileRef = BF2071271DC9F27000294FDF /* Alumni.swift */; };
		BF21F63E1E12BDAD00BE7D0E /* MapKit.framework in Frameworks */ = {isa = PBXBuildFile; fileRef = BF21F63D1E12BDAD00BE7D0E /* MapKit.framework */; };
		BF38916C1DD65DB5002510A7 /* EditProfileViewController.swift in Sources */ = {isa = PBXBuildFile; fileRef = BF38916B1DD65DB5002510A7 /* EditProfileViewController.swift */; };
		BF79EE921DCCD87400DBD26F /* ClassMapViewController.swift in Sources */ = {isa = PBXBuildFile; fileRef = BF79EE911DCCD87400DBD26F /* ClassMapViewController.swift */; };
		BF79EE941DCE1A2F00DBD26F /* ClassListViewController.swift in Sources */ = {isa = PBXBuildFile; fileRef = BF79EE931DCE1A2F00DBD26F /* ClassListViewController.swift */; };
		BF943A841DD1BE9600E9E890 /* OpeningNavigationController.swift in Sources */ = {isa = PBXBuildFile; fileRef = BF943A831DD1BE9600E9E890 /* OpeningNavigationController.swift */; };
		BF99CA011DC77E41000895F7 /* AppDelegate.swift in Sources */ = {isa = PBXBuildFile; fileRef = BF99CA001DC77E41000895F7 /* AppDelegate.swift */; };
		BF99CA031DC77E41000895F7 /* LoginViewController.swift in Sources */ = {isa = PBXBuildFile; fileRef = BF99CA021DC77E41000895F7 /* LoginViewController.swift */; };
		BF99CA061DC77E41000895F7 /* Main.storyboard in Resources */ = {isa = PBXBuildFile; fileRef = BF99CA041DC77E41000895F7 /* Main.storyboard */; };
		BF99CA081DC77E41000895F7 /* Assets.xcassets in Resources */ = {isa = PBXBuildFile; fileRef = BF99CA071DC77E41000895F7 /* Assets.xcassets */; };
		BF99CA0B1DC77E41000895F7 /* LaunchScreen.storyboard in Resources */ = {isa = PBXBuildFile; fileRef = BF99CA091DC77E41000895F7 /* LaunchScreen.storyboard */; };
		BF99CA161DC77E41000895F7 /* LorangeTests.swift in Sources */ = {isa = PBXBuildFile; fileRef = BF99CA151DC77E41000895F7 /* LorangeTests.swift */; };
		BF99CA211DC77E41000895F7 /* LorangeUITests.swift in Sources */ = {isa = PBXBuildFile; fileRef = BF99CA201DC77E41000895F7 /* LorangeUITests.swift */; };
		BF9A99DE1E57447A00500968 /* FlurryEmpty.m in Sources */ = {isa = PBXBuildFile; fileRef = BF9A99D71E57447A00500968 /* FlurryEmpty.m */; };
		BF9A99DF1E57447A00500968 /* FlurryWatchEmpty.m in Sources */ = {isa = PBXBuildFile; fileRef = BF9A99DA1E57447A00500968 /* FlurryWatchEmpty.m */; };
		BF9A99E01E57447A00500968 /* libFlurry_7.9.2.a in Frameworks */ = {isa = PBXBuildFile; fileRef = BF9A99DB1E57447A00500968 /* libFlurry_7.9.2.a */; };
		BF9A99E41E5744FC00500968 /* Security.framework in Frameworks */ = {isa = PBXBuildFile; fileRef = BF9A99E31E5744FC00500968 /* Security.framework */; };
		BF9A99E61E57450800500968 /* SystemConfiguration.framework in Frameworks */ = {isa = PBXBuildFile; fileRef = BF9A99E51E57450800500968 /* SystemConfiguration.framework */; };
		BF9CF01A1DC8AD38004E9F0A /* LocatorMapViewController.swift in Sources */ = {isa = PBXBuildFile; fileRef = BF9CF0191DC8AD38004E9F0A /* LocatorMapViewController.swift */; };
		BF9D2F5B1DD0880200D80044 /* ProfileViewController.swift in Sources */ = {isa = PBXBuildFile; fileRef = BF9D2F5A1DD0880200D80044 /* ProfileViewController.swift */; };
		BF9D2F5D1DD118EC00D80044 /* ClassListViewCell.swift in Sources */ = {isa = PBXBuildFile; fileRef = BF9D2F5C1DD118EC00D80044 /* ClassListViewCell.swift */; };
		BF9E7C0E1DDB4F3E00D1445A /* BirthdayNotificationViewController.swift in Sources */ = {isa = PBXBuildFile; fileRef = BF9E7C0D1DDB4F3E00D1445A /* BirthdayNotificationViewController.swift */; };
		BFBBE42C1E3768CB0046031A /* EditPositionViewController.swift in Sources */ = {isa = PBXBuildFile; fileRef = BFBBE42B1E3768CB0046031A /* EditPositionViewController.swift */; };
		BFBBE42E1E3769730046031A /* EditPictureViewController.swift in Sources */ = {isa = PBXBuildFile; fileRef = BFBBE42D1E3769730046031A /* EditPictureViewController.swift */; };
		BFBBE4301E3769C30046031A /* EditInfoViewController.swift in Sources */ = {isa = PBXBuildFile; fileRef = BFBBE42F1E3769C30046031A /* EditInfoViewController.swift */; };
		BFBBE4321E376A570046031A /* EditNotificationsViewController.swift in Sources */ = {isa = PBXBuildFile; fileRef = BFBBE4311E376A570046031A /* EditNotificationsViewController.swift */; };
		BFBC98641E423A48008B218E /* FirstLogNameViewController.swift in Sources */ = {isa = PBXBuildFile; fileRef = BFBC98631E423A48008B218E /* FirstLogNameViewController.swift */; };
		BFBC98661E423D3F008B218E /* FirstLogBirthdayViewController.swift in Sources */ = {isa = PBXBuildFile; fileRef = BFBC98651E423D3F008B218E /* FirstLogBirthdayViewController.swift */; };
		BFBC98681E423D75008B218E /* FirstLogAutoLocationViewController.swift in Sources */ = {isa = PBXBuildFile; fileRef = BFBC98671E423D75008B218E /* FirstLogAutoLocationViewController.swift */; };
/* End PBXBuildFile section */

/* Begin PBXContainerItemProxy section */
		BF99CA121DC77E41000895F7 /* PBXContainerItemProxy */ = {
			isa = PBXContainerItemProxy;
			containerPortal = BF99C9F51DC77E41000895F7 /* Project object */;
			proxyType = 1;
			remoteGlobalIDString = BF99C9FC1DC77E41000895F7;
			remoteInfo = Lorange;
		};
		BF99CA1D1DC77E41000895F7 /* PBXContainerItemProxy */ = {
			isa = PBXContainerItemProxy;
			containerPortal = BF99C9F51DC77E41000895F7 /* Project object */;
			proxyType = 1;
			remoteGlobalIDString = BF99C9FC1DC77E41000895F7;
			remoteInfo = Lorange;
		};
/* End PBXContainerItemProxy section */

/* Begin PBXFileReference section */
		BF13B9741E03EFC00042E24C /* MessageUI.framework */ = {isa = PBXFileReference; lastKnownFileType = wrapper.framework; name = MessageUI.framework; path = System/Library/Frameworks/MessageUI.framework; sourceTree = SDKROOT; };
		BF2071271DC9F27000294FDF /* Alumni.swift */ = {isa = PBXFileReference; fileEncoding = 4; lastKnownFileType = sourcecode.swift; path = Alumni.swift; sourceTree = "<group>"; };
		BF21F63D1E12BDAD00BE7D0E /* MapKit.framework */ = {isa = PBXFileReference; lastKnownFileType = wrapper.framework; name = MapKit.framework; path = System/Library/Frameworks/MapKit.framework; sourceTree = SDKROOT; };
		BF38916B1DD65DB5002510A7 /* EditProfileViewController.swift */ = {isa = PBXFileReference; fileEncoding = 4; lastKnownFileType = sourcecode.swift; path = EditProfileViewController.swift; sourceTree = "<group>"; };
		BF79EE911DCCD87400DBD26F /* ClassMapViewController.swift */ = {isa = PBXFileReference; fileEncoding = 4; lastKnownFileType = sourcecode.swift; path = ClassMapViewController.swift; sourceTree = "<group>"; };
		BF79EE931DCE1A2F00DBD26F /* ClassListViewController.swift */ = {isa = PBXFileReference; fileEncoding = 4; lastKnownFileType = sourcecode.swift; path = ClassListViewController.swift; sourceTree = "<group>"; };
		BF943A831DD1BE9600E9E890 /* OpeningNavigationController.swift */ = {isa = PBXFileReference; fileEncoding = 4; lastKnownFileType = sourcecode.swift; path = OpeningNavigationController.swift; sourceTree = "<group>"; };
		BF99C9FD1DC77E41000895F7 /* Lorange.app */ = {isa = PBXFileReference; explicitFileType = wrapper.application; includeInIndex = 0; path = Lorange.app; sourceTree = BUILT_PRODUCTS_DIR; };
		BF99CA001DC77E41000895F7 /* AppDelegate.swift */ = {isa = PBXFileReference; lastKnownFileType = sourcecode.swift; path = AppDelegate.swift; sourceTree = "<group>"; };
		BF99CA021DC77E41000895F7 /* LoginViewController.swift */ = {isa = PBXFileReference; lastKnownFileType = sourcecode.swift; path = LoginViewController.swift; sourceTree = "<group>"; };
		BF99CA051DC77E41000895F7 /* Base */ = {isa = PBXFileReference; lastKnownFileType = file.storyboard; name = Base; path = Base.lproj/Main.storyboard; sourceTree = "<group>"; };
		BF99CA071DC77E41000895F7 /* Assets.xcassets */ = {isa = PBXFileReference; lastKnownFileType = folder.assetcatalog; path = Assets.xcassets; sourceTree = "<group>"; };
		BF99CA0A1DC77E41000895F7 /* Base */ = {isa = PBXFileReference; lastKnownFileType = file.storyboard; name = Base; path = Base.lproj/LaunchScreen.storyboard; sourceTree = "<group>"; };
		BF99CA0C1DC77E41000895F7 /* Info.plist */ = {isa = PBXFileReference; lastKnownFileType = text.plist.xml; path = Info.plist; sourceTree = "<group>"; };
		BF99CA111DC77E41000895F7 /* LorangeTests.xctest */ = {isa = PBXFileReference; explicitFileType = wrapper.cfbundle; includeInIndex = 0; path = LorangeTests.xctest; sourceTree = BUILT_PRODUCTS_DIR; };
		BF99CA151DC77E41000895F7 /* LorangeTests.swift */ = {isa = PBXFileReference; lastKnownFileType = sourcecode.swift; path = LorangeTests.swift; sourceTree = "<group>"; };
		BF99CA171DC77E41000895F7 /* Info.plist */ = {isa = PBXFileReference; lastKnownFileType = text.plist.xml; path = Info.plist; sourceTree = "<group>"; };
		BF99CA1C1DC77E41000895F7 /* LorangeUITests.xctest */ = {isa = PBXFileReference; explicitFileType = wrapper.cfbundle; includeInIndex = 0; path = LorangeUITests.xctest; sourceTree = BUILT_PRODUCTS_DIR; };
		BF99CA201DC77E41000895F7 /* LorangeUITests.swift */ = {isa = PBXFileReference; lastKnownFileType = sourcecode.swift; path = LorangeUITests.swift; sourceTree = "<group>"; };
		BF99CA221DC77E41000895F7 /* Info.plist */ = {isa = PBXFileReference; lastKnownFileType = text.plist.xml; path = Info.plist; sourceTree = "<group>"; };
		BF9A99D61E57447A00500968 /* Flurry.h */ = {isa = PBXFileReference; fileEncoding = 4; lastKnownFileType = sourcecode.c.h; path = Flurry.h; sourceTree = "<group>"; };
		BF9A99D71E57447A00500968 /* FlurryEmpty.m */ = {isa = PBXFileReference; fileEncoding = 4; lastKnownFileType = sourcecode.c.objc; path = FlurryEmpty.m; sourceTree = "<group>"; };
		BF9A99D81E57447A00500968 /* FlurrySessionBuilder.h */ = {isa = PBXFileReference; fileEncoding = 4; lastKnownFileType = sourcecode.c.h; path = FlurrySessionBuilder.h; sourceTree = "<group>"; };
		BF9A99D91E57447A00500968 /* FlurryWatch.h */ = {isa = PBXFileReference; fileEncoding = 4; lastKnownFileType = sourcecode.c.h; path = FlurryWatch.h; sourceTree = "<group>"; };
		BF9A99DA1E57447A00500968 /* FlurryWatchEmpty.m */ = {isa = PBXFileReference; fileEncoding = 4; lastKnownFileType = sourcecode.c.objc; path = FlurryWatchEmpty.m; sourceTree = "<group>"; };
		BF9A99DB1E57447A00500968 /* libFlurry_7.9.2.a */ = {isa = PBXFileReference; lastKnownFileType = archive.ar; path = libFlurry_7.9.2.a; sourceTree = "<group>"; };
		BF9A99DC1E57447A00500968 /* libFlurryTVOS_7.9.2.a */ = {isa = PBXFileReference; lastKnownFileType = archive.ar; path = libFlurryTVOS_7.9.2.a; sourceTree = "<group>"; };
		BF9A99DD1E57447A00500968 /* libFlurryWatch_7.9.2.a */ = {isa = PBXFileReference; lastKnownFileType = archive.ar; path = libFlurryWatch_7.9.2.a; sourceTree = "<group>"; };
		BF9A99E31E5744FC00500968 /* Security.framework */ = {isa = PBXFileReference; lastKnownFileType = wrapper.framework; name = Security.framework; path = System/Library/Frameworks/Security.framework; sourceTree = SDKROOT; };
		BF9A99E51E57450800500968 /* SystemConfiguration.framework */ = {isa = PBXFileReference; lastKnownFileType = wrapper.framework; name = SystemConfiguration.framework; path = System/Library/Frameworks/SystemConfiguration.framework; sourceTree = SDKROOT; };
		BF9A99E71E57458900500968 /* Lorange-Bridging-Header.h */ = {isa = PBXFileReference; lastKnownFileType = sourcecode.c.h; path = "Lorange-Bridging-Header.h"; sourceTree = "<group>"; };
		BF9CF0191DC8AD38004E9F0A /* LocatorMapViewController.swift */ = {isa = PBXFileReference; fileEncoding = 4; lastKnownFileType = sourcecode.swift; path = LocatorMapViewController.swift; sourceTree = "<group>"; };
		BF9D2F5A1DD0880200D80044 /* ProfileViewController.swift */ = {isa = PBXFileReference; fileEncoding = 4; lastKnownFileType = sourcecode.swift; path = ProfileViewController.swift; sourceTree = "<group>"; };
		BF9D2F5C1DD118EC00D80044 /* ClassListViewCell.swift */ = {isa = PBXFileReference; fileEncoding = 4; lastKnownFileType = sourcecode.swift; path = ClassListViewCell.swift; sourceTree = "<group>"; };
		BF9E7C0D1DDB4F3E00D1445A /* BirthdayNotificationViewController.swift */ = {isa = PBXFileReference; fileEncoding = 4; lastKnownFileType = sourcecode.swift; path = BirthdayNotificationViewController.swift; sourceTree = "<group>"; };
		BFBBE42B1E3768CB0046031A /* EditPositionViewController.swift */ = {isa = PBXFileReference; fileEncoding = 4; lastKnownFileType = sourcecode.swift; path = EditPositionViewController.swift; sourceTree = "<group>"; };
		BFBBE42D1E3769730046031A /* EditPictureViewController.swift */ = {isa = PBXFileReference; fileEncoding = 4; lastKnownFileType = sourcecode.swift; path = EditPictureViewController.swift; sourceTree = "<group>"; };
		BFBBE42F1E3769C30046031A /* EditInfoViewController.swift */ = {isa = PBXFileReference; fileEncoding = 4; lastKnownFileType = sourcecode.swift; path = EditInfoViewController.swift; sourceTree = "<group>"; };
		BFBBE4311E376A570046031A /* EditNotificationsViewController.swift */ = {isa = PBXFileReference; fileEncoding = 4; lastKnownFileType = sourcecode.swift; path = EditNotificationsViewController.swift; sourceTree = "<group>"; };
		BFBC98631E423A48008B218E /* FirstLogNameViewController.swift */ = {isa = PBXFileReference; fileEncoding = 4; lastKnownFileType = sourcecode.swift; name = FirstLogNameViewController.swift; path = ../FirstLogNameViewController.swift; sourceTree = "<group>"; };
		BFBC98651E423D3F008B218E /* FirstLogBirthdayViewController.swift */ = {isa = PBXFileReference; fileEncoding = 4; lastKnownFileType = sourcecode.swift; path = FirstLogBirthdayViewController.swift; sourceTree = "<group>"; };
		BFBC98671E423D75008B218E /* FirstLogAutoLocationViewController.swift */ = {isa = PBXFileReference; fileEncoding = 4; lastKnownFileType = sourcecode.swift; path = FirstLogAutoLocationViewController.swift; sourceTree = "<group>"; };
/* End PBXFileReference section */

/* Begin PBXFrameworksBuildPhase section */
		BF99C9FA1DC77E41000895F7 /* Frameworks */ = {
			isa = PBXFrameworksBuildPhase;
			buildActionMask = 2147483647;
			files = (
				BF9A99E61E57450800500968 /* SystemConfiguration.framework in Frameworks */,
				BF9A99E41E5744FC00500968 /* Security.framework in Frameworks */,
				BF21F63E1E12BDAD00BE7D0E /* MapKit.framework in Frameworks */,
				BF9A99E01E57447A00500968 /* libFlurry_7.9.2.a in Frameworks */,
				BF13B9751E03EFC00042E24C /* MessageUI.framework in Frameworks */,
			);
			runOnlyForDeploymentPostprocessing = 0;
		};
		BF99CA0E1DC77E41000895F7 /* Frameworks */ = {
			isa = PBXFrameworksBuildPhase;
			buildActionMask = 2147483647;
			files = (
			);
			runOnlyForDeploymentPostprocessing = 0;
		};
		BF99CA191DC77E41000895F7 /* Frameworks */ = {
			isa = PBXFrameworksBuildPhase;
			buildActionMask = 2147483647;
			files = (
			);
			runOnlyForDeploymentPostprocessing = 0;
		};
/* End PBXFrameworksBuildPhase section */

/* Begin PBXGroup section */
		BF13B9731E03EFC00042E24C /* Frameworks */ = {
			isa = PBXGroup;
			children = (
				BF9A99E51E57450800500968 /* SystemConfiguration.framework */,
				BF9A99E31E5744FC00500968 /* Security.framework */,
				BF21F63D1E12BDAD00BE7D0E /* MapKit.framework */,
				BF13B9741E03EFC00042E24C /* MessageUI.framework */,
			);
			name = Frameworks;
			sourceTree = "<group>";
		};
		BF99C9F41DC77E41000895F7 = {
			isa = PBXGroup;
			children = (
				BF99C9FF1DC77E41000895F7 /* Lorange */,
				BF99CA141DC77E41000895F7 /* LorangeTests */,
				BF99CA1F1DC77E41000895F7 /* LorangeUITests */,
				BF99C9FE1DC77E41000895F7 /* Products */,
				BF13B9731E03EFC00042E24C /* Frameworks */,
			);
			sourceTree = "<group>";
		};
		BF99C9FE1DC77E41000895F7 /* Products */ = {
			isa = PBXGroup;
			children = (
				BF99C9FD1DC77E41000895F7 /* Lorange.app */,
				BF99CA111DC77E41000895F7 /* LorangeTests.xctest */,
				BF99CA1C1DC77E41000895F7 /* LorangeUITests.xctest */,
			);
			name = Products;
			sourceTree = "<group>";
		};
		BF99C9FF1DC77E41000895F7 /* Lorange */ = {
			isa = PBXGroup;
			children = (
				BF9A99D51E57447A00500968 /* Flurry */,
				BF99CA001DC77E41000895F7 /* AppDelegate.swift */,
				BF943A831DD1BE9600E9E890 /* OpeningNavigationController.swift */,
				BF2071271DC9F27000294FDF /* Alumni.swift */,
				BF99CA021DC77E41000895F7 /* LoginViewController.swift */,
				BFBC98631E423A48008B218E /* FirstLogNameViewController.swift */,
				BFBC98651E423D3F008B218E /* FirstLogBirthdayViewController.swift */,
				BFBC98671E423D75008B218E /* FirstLogAutoLocationViewController.swift */,
				BF9CF0191DC8AD38004E9F0A /* LocatorMapViewController.swift */,
				BF79EE911DCCD87400DBD26F /* ClassMapViewController.swift */,
				BF79EE931DCE1A2F00DBD26F /* ClassListViewController.swift */,
				BF9D2F5C1DD118EC00D80044 /* ClassListViewCell.swift */,
				BF9D2F5A1DD0880200D80044 /* ProfileViewController.swift */,
				BF38916B1DD65DB5002510A7 /* EditProfileViewController.swift */,
				BFBBE42B1E3768CB0046031A /* EditPositionViewController.swift */,
				BFBBE42D1E3769730046031A /* EditPictureViewController.swift */,
				BFBBE42F1E3769C30046031A /* EditInfoViewController.swift */,
				BFBBE4311E376A570046031A /* EditNotificationsViewController.swift */,
				BF9E7C0D1DDB4F3E00D1445A /* BirthdayNotificationViewController.swift */,
				BF99CA041DC77E41000895F7 /* Main.storyboard */,
				BF99CA071DC77E41000895F7 /* Assets.xcassets */,
				BF99CA091DC77E41000895F7 /* LaunchScreen.storyboard */,
				BF99CA0C1DC77E41000895F7 /* Info.plist */,
				BF9A99E71E57458900500968 /* Lorange-Bridging-Header.h */,
			);
			path = Lorange;
			sourceTree = "<group>";
		};
		BF99CA141DC77E41000895F7 /* LorangeTests */ = {
			isa = PBXGroup;
			children = (
				BF99CA151DC77E41000895F7 /* LorangeTests.swift */,
				BF99CA171DC77E41000895F7 /* Info.plist */,
			);
			path = LorangeTests;
			sourceTree = "<group>";
		};
		BF99CA1F1DC77E41000895F7 /* LorangeUITests */ = {
			isa = PBXGroup;
			children = (
				BF99CA201DC77E41000895F7 /* LorangeUITests.swift */,
				BF99CA221DC77E41000895F7 /* Info.plist */,
			);
			path = LorangeUITests;
			sourceTree = "<group>";
		};
		BF9A99D51E57447A00500968 /* Flurry */ = {
			isa = PBXGroup;
			children = (
				BF9A99D61E57447A00500968 /* Flurry.h */,
				BF9A99D71E57447A00500968 /* FlurryEmpty.m */,
				BF9A99D81E57447A00500968 /* FlurrySessionBuilder.h */,
				BF9A99D91E57447A00500968 /* FlurryWatch.h */,
				BF9A99DA1E57447A00500968 /* FlurryWatchEmpty.m */,
				BF9A99DB1E57447A00500968 /* libFlurry_7.9.2.a */,
				BF9A99DC1E57447A00500968 /* libFlurryTVOS_7.9.2.a */,
				BF9A99DD1E57447A00500968 /* libFlurryWatch_7.9.2.a */,
			);
			path = Flurry;
			sourceTree = "<group>";
		};
/* End PBXGroup section */

/* Begin PBXNativeTarget section */
		BF99C9FC1DC77E41000895F7 /* Lorange */ = {
			isa = PBXNativeTarget;
			buildConfigurationList = BF99CA251DC77E41000895F7 /* Build configuration list for PBXNativeTarget "Lorange" */;
			buildPhases = (
				BF99C9F91DC77E41000895F7 /* Sources */,
				BF99C9FA1DC77E41000895F7 /* Frameworks */,
				BF99C9FB1DC77E41000895F7 /* Resources */,
			);
			buildRules = (
			);
			dependencies = (
			);
			name = Lorange;
			productName = Lorange;
			productReference = BF99C9FD1DC77E41000895F7 /* Lorange.app */;
			productType = "com.apple.product-type.application";
		};
		BF99CA101DC77E41000895F7 /* LorangeTests */ = {
			isa = PBXNativeTarget;
			buildConfigurationList = BF99CA281DC77E41000895F7 /* Build configuration list for PBXNativeTarget "LorangeTests" */;
			buildPhases = (
				BF99CA0D1DC77E41000895F7 /* Sources */,
				BF99CA0E1DC77E41000895F7 /* Frameworks */,
				BF99CA0F1DC77E41000895F7 /* Resources */,
			);
			buildRules = (
			);
			dependencies = (
				BF99CA131DC77E41000895F7 /* PBXTargetDependency */,
			);
			name = LorangeTests;
			productName = LorangeTests;
			productReference = BF99CA111DC77E41000895F7 /* LorangeTests.xctest */;
			productType = "com.apple.product-type.bundle.unit-test";
		};
		BF99CA1B1DC77E41000895F7 /* LorangeUITests */ = {
			isa = PBXNativeTarget;
			buildConfigurationList = BF99CA2B1DC77E41000895F7 /* Build configuration list for PBXNativeTarget "LorangeUITests" */;
			buildPhases = (
				BF99CA181DC77E41000895F7 /* Sources */,
				BF99CA191DC77E41000895F7 /* Frameworks */,
				BF99CA1A1DC77E41000895F7 /* Resources */,
			);
			buildRules = (
			);
			dependencies = (
				BF99CA1E1DC77E41000895F7 /* PBXTargetDependency */,
			);
			name = LorangeUITests;
			productName = LorangeUITests;
			productReference = BF99CA1C1DC77E41000895F7 /* LorangeUITests.xctest */;
			productType = "com.apple.product-type.bundle.ui-testing";
		};
/* End PBXNativeTarget section */

/* Begin PBXProject section */
		BF99C9F51DC77E41000895F7 /* Project object */ = {
			isa = PBXProject;
			attributes = {
				LastSwiftUpdateCheck = 0800;
				LastUpgradeCheck = 0810;
				ORGANIZATIONNAME = "Faro Analytics";
				TargetAttributes = {
					BF99C9FC1DC77E41000895F7 = {
						CreatedOnToolsVersion = 8.0;
						DevelopmentTeam = 2E57B8RQ4C;
						ProvisioningStyle = Automatic;
						SystemCapabilities = {
							com.apple.BackgroundModes = {
								enabled = 1;
							};
							com.apple.Maps.iOS = {
								enabled = 0;
							};
						};
					};
					BF99CA101DC77E41000895F7 = {
						CreatedOnToolsVersion = 8.0;
						ProvisioningStyle = Automatic;
						TestTargetID = BF99C9FC1DC77E41000895F7;
					};
					BF99CA1B1DC77E41000895F7 = {
						CreatedOnToolsVersion = 8.0;
						ProvisioningStyle = Automatic;
						TestTargetID = BF99C9FC1DC77E41000895F7;
					};
				};
			};
			buildConfigurationList = BF99C9F81DC77E41000895F7 /* Build configuration list for PBXProject "Lorange" */;
			compatibilityVersion = "Xcode 3.2";
			developmentRegion = English;
			hasScannedForEncodings = 0;
			knownRegions = (
				en,
				Base,
			);
			mainGroup = BF99C9F41DC77E41000895F7;
			productRefGroup = BF99C9FE1DC77E41000895F7 /* Products */;
			projectDirPath = "";
			projectRoot = "";
			targets = (
				BF99C9FC1DC77E41000895F7 /* Lorange */,
				BF99CA101DC77E41000895F7 /* LorangeTests */,
				BF99CA1B1DC77E41000895F7 /* LorangeUITests */,
			);
		};
/* End PBXProject section */

/* Begin PBXResourcesBuildPhase section */
		BF99C9FB1DC77E41000895F7 /* Resources */ = {
			isa = PBXResourcesBuildPhase;
			buildActionMask = 2147483647;
			files = (
				BF99CA0B1DC77E41000895F7 /* LaunchScreen.storyboard in Resources */,
				BF99CA081DC77E41000895F7 /* Assets.xcassets in Resources */,
				BF99CA061DC77E41000895F7 /* Main.storyboard in Resources */,
			);
			runOnlyForDeploymentPostprocessing = 0;
		};
		BF99CA0F1DC77E41000895F7 /* Resources */ = {
			isa = PBXResourcesBuildPhase;
			buildActionMask = 2147483647;
			files = (
			);
			runOnlyForDeploymentPostprocessing = 0;
		};
		BF99CA1A1DC77E41000895F7 /* Resources */ = {
			isa = PBXResourcesBuildPhase;
			buildActionMask = 2147483647;
			files = (
			);
			runOnlyForDeploymentPostprocessing = 0;
		};
/* End PBXResourcesBuildPhase section */

/* Begin PBXSourcesBuildPhase section */
		BF99C9F91DC77E41000895F7 /* Sources */ = {
			isa = PBXSourcesBuildPhase;
			buildActionMask = 2147483647;
			files = (
				BF9CF01A1DC8AD38004E9F0A /* LocatorMapViewController.swift in Sources */,
				BFBBE4321E376A570046031A /* EditNotificationsViewController.swift in Sources */,
				BF9E7C0E1DDB4F3E00D1445A /* BirthdayNotificationViewController.swift in Sources */,
				BF2071281DC9F27000294FDF /* Alumni.swift in Sources */,
				BFBC98681E423D75008B218E /* FirstLogAutoLocationViewController.swift in Sources */,
				BF99CA031DC77E41000895F7 /* LoginViewController.swift in Sources */,
				BF79EE941DCE1A2F00DBD26F /* ClassListViewController.swift in Sources */,
				BF943A841DD1BE9600E9E890 /* OpeningNavigationController.swift in Sources */,
				BF9D2F5B1DD0880200D80044 /* ProfileViewController.swift in Sources */,
				BF99CA011DC77E41000895F7 /* AppDelegate.swift in Sources */,
				BFBBE4301E3769C30046031A /* EditInfoViewController.swift in Sources */,
				BF9A99DF1E57447A00500968 /* FlurryWatchEmpty.m in Sources */,
				BFBC98641E423A48008B218E /* FirstLogNameViewController.swift in Sources */,
				BF9A99DE1E57447A00500968 /* FlurryEmpty.m in Sources */,
				BF79EE921DCCD87400DBD26F /* ClassMapViewController.swift in Sources */,
				BFBC98661E423D3F008B218E /* FirstLogBirthdayViewController.swift in Sources */,
				BFBBE42E1E3769730046031A /* EditPictureViewController.swift in Sources */,
				BF38916C1DD65DB5002510A7 /* EditProfileViewController.swift in Sources */,
				BFBBE42C1E3768CB0046031A /* EditPositionViewController.swift in Sources */,
				BF9D2F5D1DD118EC00D80044 /* ClassListViewCell.swift in Sources */,
			);
			runOnlyForDeploymentPostprocessing = 0;
		};
		BF99CA0D1DC77E41000895F7 /* Sources */ = {
			isa = PBXSourcesBuildPhase;
			buildActionMask = 2147483647;
			files = (
				BF99CA161DC77E41000895F7 /* LorangeTests.swift in Sources */,
			);
			runOnlyForDeploymentPostprocessing = 0;
		};
		BF99CA181DC77E41000895F7 /* Sources */ = {
			isa = PBXSourcesBuildPhase;
			buildActionMask = 2147483647;
			files = (
				BF99CA211DC77E41000895F7 /* LorangeUITests.swift in Sources */,
			);
			runOnlyForDeploymentPostprocessing = 0;
		};
/* End PBXSourcesBuildPhase section */

/* Begin PBXTargetDependency section */
		BF99CA131DC77E41000895F7 /* PBXTargetDependency */ = {
			isa = PBXTargetDependency;
			target = BF99C9FC1DC77E41000895F7 /* Lorange */;
			targetProxy = BF99CA121DC77E41000895F7 /* PBXContainerItemProxy */;
		};
		BF99CA1E1DC77E41000895F7 /* PBXTargetDependency */ = {
			isa = PBXTargetDependency;
			target = BF99C9FC1DC77E41000895F7 /* Lorange */;
			targetProxy = BF99CA1D1DC77E41000895F7 /* PBXContainerItemProxy */;
		};
/* End PBXTargetDependency section */

/* Begin PBXVariantGroup section */
		BF99CA041DC77E41000895F7 /* Main.storyboard */ = {
			isa = PBXVariantGroup;
			children = (
				BF99CA051DC77E41000895F7 /* Base */,
			);
			name = Main.storyboard;
			sourceTree = "<group>";
		};
		BF99CA091DC77E41000895F7 /* LaunchScreen.storyboard */ = {
			isa = PBXVariantGroup;
			children = (
				BF99CA0A1DC77E41000895F7 /* Base */,
			);
			name = LaunchScreen.storyboard;
			sourceTree = "<group>";
		};
/* End PBXVariantGroup section */

/* Begin XCBuildConfiguration section */
		BF99CA231DC77E41000895F7 /* Debug */ = {
			isa = XCBuildConfiguration;
			buildSettings = {
				ALWAYS_SEARCH_USER_PATHS = NO;
				CLANG_ANALYZER_NONNULL = YES;
				CLANG_CXX_LANGUAGE_STANDARD = "gnu++0x";
				CLANG_CXX_LIBRARY = "libc++";
				CLANG_ENABLE_MODULES = YES;
				CLANG_ENABLE_OBJC_ARC = YES;
				CLANG_WARN_BOOL_CONVERSION = YES;
				CLANG_WARN_CONSTANT_CONVERSION = YES;
				CLANG_WARN_DIRECT_OBJC_ISA_USAGE = YES_ERROR;
				CLANG_WARN_DOCUMENTATION_COMMENTS = YES;
				CLANG_WARN_EMPTY_BODY = YES;
				CLANG_WARN_ENUM_CONVERSION = YES;
				CLANG_WARN_INFINITE_RECURSION = YES;
				CLANG_WARN_INT_CONVERSION = YES;
				CLANG_WARN_OBJC_ROOT_CLASS = YES_ERROR;
				CLANG_WARN_SUSPICIOUS_MOVE = YES;
				CLANG_WARN_SUSPICIOUS_MOVES = YES;
				CLANG_WARN_UNREACHABLE_CODE = YES;
				CLANG_WARN__DUPLICATE_METHOD_MATCH = YES;
				"CODE_SIGN_IDENTITY[sdk=iphoneos*]" = "iPhone Developer";
				COPY_PHASE_STRIP = NO;
				DEBUG_INFORMATION_FORMAT = dwarf;
				ENABLE_STRICT_OBJC_MSGSEND = YES;
				ENABLE_TESTABILITY = YES;
				GCC_C_LANGUAGE_STANDARD = gnu99;
				GCC_DYNAMIC_NO_PIC = NO;
				GCC_NO_COMMON_BLOCKS = YES;
				GCC_OPTIMIZATION_LEVEL = 0;
				GCC_PREPROCESSOR_DEFINITIONS = (
					"DEBUG=1",
					"$(inherited)",
				);
				GCC_WARN_64_TO_32_BIT_CONVERSION = YES;
				GCC_WARN_ABOUT_RETURN_TYPE = YES_ERROR;
				GCC_WARN_UNDECLARED_SELECTOR = YES;
				GCC_WARN_UNINITIALIZED_AUTOS = YES_AGGRESSIVE;
				GCC_WARN_UNUSED_FUNCTION = YES;
				GCC_WARN_UNUSED_VARIABLE = YES;
				IPHONEOS_DEPLOYMENT_TARGET = 10.0;
				MTL_ENABLE_DEBUG_INFO = YES;
				ONLY_ACTIVE_ARCH = YES;
				SDKROOT = iphoneos;
				SWIFT_ACTIVE_COMPILATION_CONDITIONS = DEBUG;
				SWIFT_OPTIMIZATION_LEVEL = "-Onone";
				TARGETED_DEVICE_FAMILY = "1,2";
			};
			name = Debug;
		};
		BF99CA241DC77E41000895F7 /* Release */ = {
			isa = XCBuildConfiguration;
			buildSettings = {
				ALWAYS_SEARCH_USER_PATHS = NO;
				CLANG_ANALYZER_NONNULL = YES;
				CLANG_CXX_LANGUAGE_STANDARD = "gnu++0x";
				CLANG_CXX_LIBRARY = "libc++";
				CLANG_ENABLE_MODULES = YES;
				CLANG_ENABLE_OBJC_ARC = YES;
				CLANG_WARN_BOOL_CONVERSION = YES;
				CLANG_WARN_CONSTANT_CONVERSION = YES;
				CLANG_WARN_DIRECT_OBJC_ISA_USAGE = YES_ERROR;
				CLANG_WARN_DOCUMENTATION_COMMENTS = YES;
				CLANG_WARN_EMPTY_BODY = YES;
				CLANG_WARN_ENUM_CONVERSION = YES;
				CLANG_WARN_INFINITE_RECURSION = YES;
				CLANG_WARN_INT_CONVERSION = YES;
				CLANG_WARN_OBJC_ROOT_CLASS = YES_ERROR;
				CLANG_WARN_SUSPICIOUS_MOVE = YES;
				CLANG_WARN_SUSPICIOUS_MOVES = YES;
				CLANG_WARN_UNREACHABLE_CODE = YES;
				CLANG_WARN__DUPLICATE_METHOD_MATCH = YES;
				"CODE_SIGN_IDENTITY[sdk=iphoneos*]" = "iPhone Developer";
				COPY_PHASE_STRIP = NO;
				DEBUG_INFORMATION_FORMAT = "dwarf-with-dsym";
				ENABLE_NS_ASSERTIONS = NO;
				ENABLE_STRICT_OBJC_MSGSEND = YES;
				GCC_C_LANGUAGE_STANDARD = gnu99;
				GCC_NO_COMMON_BLOCKS = YES;
				GCC_WARN_64_TO_32_BIT_CONVERSION = YES;
				GCC_WARN_ABOUT_RETURN_TYPE = YES_ERROR;
				GCC_WARN_UNDECLARED_SELECTOR = YES;
				GCC_WARN_UNINITIALIZED_AUTOS = YES_AGGRESSIVE;
				GCC_WARN_UNUSED_FUNCTION = YES;
				GCC_WARN_UNUSED_VARIABLE = YES;
				IPHONEOS_DEPLOYMENT_TARGET = 10.0;
				MTL_ENABLE_DEBUG_INFO = NO;
				SDKROOT = iphoneos;
				SWIFT_OPTIMIZATION_LEVEL = "-Owholemodule";
				TARGETED_DEVICE_FAMILY = "1,2";
				VALIDATE_PRODUCT = YES;
			};
			name = Release;
		};
		BF99CA261DC77E41000895F7 /* Debug */ = {
			isa = XCBuildConfiguration;
			buildSettings = {
				ASSETCATALOG_COMPILER_APPICON_NAME = AppIcon;
				DEVELOPMENT_TEAM = 2E57B8RQ4C;
				INFOPLIST_FILE = Lorange/Info.plist;
				LD_RUNPATH_SEARCH_PATHS = "$(inherited) @executable_path/Frameworks";
				LIBRARY_SEARCH_PATHS = (
					"$(inherited)",
					"$(PROJECT_DIR)/Lorange/Flurry",
				);
				PRODUCT_BUNDLE_IDENTIFIER = io.strwberry.strwberry;
				PRODUCT_NAME = "$(TARGET_NAME)";
				SWIFT_OBJC_BRIDGING_HEADER = "Lorange/Lorange-Bridging-Header.h";
				SWIFT_VERSION = 3.0;
			};
			name = Debug;
		};
		BF99CA271DC77E41000895F7 /* Release */ = {
			isa = XCBuildConfiguration;
			buildSettings = {
				ASSETCATALOG_COMPILER_APPICON_NAME = AppIcon;
				DEVELOPMENT_TEAM = 2E57B8RQ4C;
				INFOPLIST_FILE = Lorange/Info.plist;
				LD_RUNPATH_SEARCH_PATHS = "$(inherited) @executable_path/Frameworks";
				LIBRARY_SEARCH_PATHS = (
					"$(inherited)",
					"$(PROJECT_DIR)/Lorange/Flurry",
				);
				PRODUCT_BUNDLE_IDENTIFIER = io.strwberry.strwberry;
				PRODUCT_NAME = "$(TARGET_NAME)";
				SWIFT_OBJC_BRIDGING_HEADER = "Lorange/Lorange-Bridging-Header.h";
				SWIFT_VERSION = 3.0;
			};
			name = Release;
		};
		BF99CA291DC77E41000895F7 /* Debug */ = {
			isa = XCBuildConfiguration;
			buildSettings = {
				ALWAYS_EMBED_SWIFT_STANDARD_LIBRARIES = YES;
				BUNDLE_LOADER = "$(TEST_HOST)";
				INFOPLIST_FILE = LorangeTests/Info.plist;
				LD_RUNPATH_SEARCH_PATHS = "$(inherited) @executable_path/Frameworks @loader_path/Frameworks";
				PRODUCT_BUNDLE_IDENTIFIER = com.faroanalytics.LorangeTests;
				PRODUCT_NAME = "$(TARGET_NAME)";
				SWIFT_VERSION = 3.0;
				TEST_HOST = "$(BUILT_PRODUCTS_DIR)/Lorange.app/Lorange";
			};
			name = Debug;
		};
		BF99CA2A1DC77E41000895F7 /* Release */ = {
			isa = XCBuildConfiguration;
			buildSettings = {
				ALWAYS_EMBED_SWIFT_STANDARD_LIBRARIES = YES;
				BUNDLE_LOADER = "$(TEST_HOST)";
				INFOPLIST_FILE = LorangeTests/Info.plist;
				LD_RUNPATH_SEARCH_PATHS = "$(inherited) @executable_path/Frameworks @loader_path/Frameworks";
				PRODUCT_BUNDLE_IDENTIFIER = com.faroanalytics.LorangeTests;
				PRODUCT_NAME = "$(TARGET_NAME)";
				SWIFT_VERSION = 3.0;
				TEST_HOST = "$(BUILT_PRODUCTS_DIR)/Lorange.app/Lorange";
			};
			name = Release;
		};
		BF99CA2C1DC77E41000895F7 /* Debug */ = {
			isa = XCBuildConfiguration;
			buildSettings = {
				ALWAYS_EMBED_SWIFT_STANDARD_LIBRARIES = YES;
				INFOPLIST_FILE = LorangeUITests/Info.plist;
				LD_RUNPATH_SEARCH_PATHS = "$(inherited) @executable_path/Frameworks @loader_path/Frameworks";
				PRODUCT_BUNDLE_IDENTIFIER = com.faroanalytics.LorangeUITests;
				PRODUCT_NAME = "$(TARGET_NAME)";
				SWIFT_VERSION = 3.0;
				TEST_TARGET_NAME = Lorange;
			};
			name = Debug;
		};
		BF99CA2D1DC77E41000895F7 /* Release */ = {
			isa = XCBuildConfiguration;
			buildSettings = {
				ALWAYS_EMBED_SWIFT_STANDARD_LIBRARIES = YES;
				INFOPLIST_FILE = LorangeUITests/Info.plist;
				LD_RUNPATH_SEARCH_PATHS = "$(inherited) @executable_path/Frameworks @loader_path/Frameworks";
				PRODUCT_BUNDLE_IDENTIFIER = com.faroanalytics.LorangeUITests;
				PRODUCT_NAME = "$(TARGET_NAME)";
				SWIFT_VERSION = 3.0;
				TEST_TARGET_NAME = Lorange;
			};
			name = Release;
		};
/* End XCBuildConfiguration section */

/* Begin XCConfigurationList section */
		BF99C9F81DC77E41000895F7 /* Build configuration list for PBXProject "Lorange" */ = {
			isa = XCConfigurationList;
			buildConfigurations = (
				BF99CA231DC77E41000895F7 /* Debug */,
				BF99CA241DC77E41000895F7 /* Release */,
			);
			defaultConfigurationIsVisible = 0;
			defaultConfigurationName = Release;
		};
		BF99CA251DC77E41000895F7 /* Build configuration list for PBXNativeTarget "Lorange" */ = {
			isa = XCConfigurationList;
			buildConfigurations = (
				BF99CA261DC77E41000895F7 /* Debug */,
				BF99CA271DC77E41000895F7 /* Release */,
			);
			defaultConfigurationIsVisible = 0;
			defaultConfigurationName = Release;
		};
		BF99CA281DC77E41000895F7 /* Build configuration list for PBXNativeTarget "LorangeTests" */ = {
			isa = XCConfigurationList;
			buildConfigurations = (
				BF99CA291DC77E41000895F7 /* Debug */,
				BF99CA2A1DC77E41000895F7 /* Release */,
			);
			defaultConfigurationIsVisible = 0;
			defaultConfigurationName = Release;
		};
		BF99CA2B1DC77E41000895F7 /* Build configuration list for PBXNativeTarget "LorangeUITests" */ = {
			isa = XCConfigurationList;
			buildConfigurations = (
				BF99CA2C1DC77E41000895F7 /* Debug */,
				BF99CA2D1DC77E41000895F7 /* Release */,
			);
			defaultConfigurationIsVisible = 0;
			defaultConfigurationName = Release;
		};
/* End XCConfigurationList section */
	};
	rootObject = BF99C9F51DC77E41000895F7 /* Project object */;
}
